
Microsoft Visual Studio Solution File, Format Version 12.00
# Visual Studio Version 17
VisualStudioVersion = 17.8.34525.116
MinimumVisualStudioVersion = 10.0.40219.1
Project("{FAE04EC0-301F-11D3-BF4B-00C04F79EFBC}") = "Week14", "Week14\Week14.csproj", "{A18B6A36-9077-4115-841C-9C426175E6B6}"
EndProject
Global
	GlobalSection(SolutionConfigurationPlatforms) = preSolution
		Debug|Any CPU = Debug|Any CPU
		Release|Any CPU = Release|Any CPU
	EndGlobalSection
	GlobalSection(ProjectConfigurationPlatforms) = postSolution
		{A18B6A36-9077-4115-841C-9C426175E6B6}.Debug|Any CPU.ActiveCfg = Debug|Any CPU
		{A18B6A36-9077-4115-841C-9C426175E6B6}.Debug|Any CPU.Build.0 = Debug|Any CPU
		{A18B6A36-9077-4115-841C-9C426175E6B6}.Release|Any CPU.ActiveCfg = Release|Any CPU
		{A18B6A36-9077-4115-841C-9C426175E6B6}.Release|Any CPU.Build.0 = Release|Any CPU
	EndGlobalSection
	GlobalSection(SolutionProperties) = preSolution
		HideSolutionNode = FALSE
	EndGlobalSection
	GlobalSection(ExtensibilityGlobals) = postSolution
		SolutionGuid = {3AAECCC6-645B-4F80-A78E-AB72ED6A0EEB}
	EndGlobalSection
EndGlobal
